
Microsoft Visual Studio Solution File, Format Version 12.00
# Visual Studio 15
VisualStudioVersion = 15.0.34031.82
MinimumVisualStudioVersion = 10.0.40219.1
Project("{8BC9CEB8-8B4A-11D0-8D11-00A0C91BC942}") = "2.24", "2.24\2.24.vcxproj", "{0D44D0B1-819D-42D0-98CD-16D564583773}"
EndProject
Global
	GlobalSection(SolutionConfigurationPlatforms) = preSolution
		Debug|x64 = Debug|x64
		Debug|x86 = Debug|x86
		Release|x64 = Release|x64
		Release|x86 = Release|x86
	EndGlobalSection
	GlobalSection(ProjectConfigurationPlatforms) = postSolution
		{0D44D0B1-819D-42D0-98CD-16D564583773}.Debug|x64.ActiveCfg = Debug|x64
		{0D44D0B1-819D-42D0-98CD-16D564583773}.Debug|x64.Build.0 = Debug|x64
		{0D44D0B1-819D-42D0-98CD-16D564583773}.Debug|x86.ActiveCfg = Debug|Win32
		{0D44D0B1-819D-42D0-98CD-16D564583773}.Debug|x86.Build.0 = Debug|Win32
		{0D44D0B1-819D-42D0-98CD-16D564583773}.Release|x64.ActiveCfg = Release|x64
		{0D44D0B1-819D-42D0-98CD-16D564583773}.Release|x64.Build.0 = Release|x64
		{0D44D0B1-819D-42D0-98CD-16D564583773}.Release|x86.ActiveCfg = Release|Win32
		{0D44D0B1-819D-42D0-98CD-16D564583773}.Release|x86.Build.0 = Release|Win32
	EndGlobalSection
	GlobalSection(SolutionProperties) = preSolution
		HideSolutionNode = FALSE
	EndGlobalSection
	GlobalSection(ExtensibilityGlobals) = postSolution
		SolutionGuid = {8A421941-4E3E-4809-8BB8-3A3C0840E743}
	EndGlobalSection
EndGlobal
